{
  "name": "moonbeam-types-bundle",
  "version": "2.0.2",
  "lockfileVersion": 1,
  "requires": true,
  "dependencies": {
    "@babel/runtime": {
      "version": "7.17.8",
      "resolved": "https://registry.npmjs.org/@babel/runtime/-/runtime-7.17.8.tgz",
      "integrity": "sha512-dQpEpK0O9o6lj6oPu0gRDbbnk+4LeHlNcBpspf6Olzt3GIX4P1lWF1gS+pHLDFlaJvbR6q7jCfQ08zA4QJBnmA==",
      "requires": {
        "regenerator-runtime": "^0.13.4"
      }
    },
    "@noble/hashes": {
      "version": "1.0.0",
      "resolved": "https://registry.npmjs.org/@noble/hashes/-/hashes-1.0.0.tgz",
      "integrity": "sha512-DZVbtY62kc3kkBtMHqwCOfXrT/hnoORy5BJ4+HU1IR59X0KWAOqsfzQPcUl/lQLlG7qXbe/fZ3r/emxtAl+sqg=="
    },
    "@noble/secp256k1": {
      "version": "1.5.5",
      "resolved": "https://registry.npmjs.org/@noble/secp256k1/-/secp256k1-1.5.5.tgz",
      "integrity": "sha512-sZ1W6gQzYnu45wPrWx8D3kwI2/U29VYTx9OjbDAd7jwRItJ0cSTMPRL/C8AWZFn9kWFLQGqEXVEE86w4Z8LpIQ=="
    },
    "@polkadot/api": {
      "version": "7.14.3",
      "resolved": "https://registry.npmjs.org/@polkadot/api/-/api-7.14.3.tgz",
      "integrity": "sha512-io5PiF4SLpiG6u4fTP2Rbqqgt0iBPehWlMvaG0HyDLd+3ZklXRLrgbWbGc5Q6y+3zfeLEHAmKNqbAFghinOVjQ==",
      "requires": {
        "@babel/runtime": "^7.17.8",
        "@polkadot/api-augment": "7.14.3",
        "@polkadot/api-base": "7.14.3",
        "@polkadot/api-derive": "7.14.3",
        "@polkadot/keyring": "^8.7.1",
        "@polkadot/rpc-augment": "7.14.3",
        "@polkadot/rpc-core": "7.14.3",
        "@polkadot/rpc-provider": "7.14.3",
        "@polkadot/types": "7.14.3",
        "@polkadot/types-augment": "7.14.3",
        "@polkadot/types-codec": "7.14.3",
        "@polkadot/types-create": "7.14.3",
        "@polkadot/types-known": "7.14.3",
        "@polkadot/util": "^8.7.1",
        "@polkadot/util-crypto": "^8.7.1",
        "eventemitter3": "^4.0.7",
        "rxjs": "^7.5.5"
      }
    },
    "@polkadot/api-augment": {
      "version": "7.14.3",
      "resolved": "https://registry.npmjs.org/@polkadot/api-augment/-/api-augment-7.14.3.tgz",
      "integrity": "sha512-40h2ynCbFqnH+dwtzQM6YhsRzw+X1cnc55QC7p3kr/NOyEmheDaJHFUFt8t/cBo4REscOJ+3Apu92oQBSLYxGw==",
      "requires": {
        "@babel/runtime": "^7.17.8",
        "@polkadot/api-base": "7.14.3",
        "@polkadot/rpc-augment": "7.14.3",
        "@polkadot/types": "7.14.3",
        "@polkadot/types-augment": "7.14.3",
        "@polkadot/types-codec": "7.14.3",
        "@polkadot/util": "^8.7.1"
      }
    },
    "@polkadot/api-base": {
      "version": "7.14.3",
      "resolved": "https://registry.npmjs.org/@polkadot/api-base/-/api-base-7.14.3.tgz",
      "integrity": "sha512-dbTFxPlZrUWHv2AXCibpf9Xq6vpnakUUuvYDaa6nwhjcysBQODsR1RpPJjr2uINwOSI5dN2F313yoI3bQZrt4w==",
      "requires": {
        "@babel/runtime": "^7.17.8",
        "@polkadot/rpc-core": "7.14.3",
        "@polkadot/types": "7.14.3",
        "@polkadot/util": "^8.7.1",
        "rxjs": "^7.5.5"
      }
    },
    "@polkadot/api-derive": {
      "version": "7.14.3",
      "resolved": "https://registry.npmjs.org/@polkadot/api-derive/-/api-derive-7.14.3.tgz",
      "integrity": "sha512-+/sDSgNAyINM66BnLTyTkI1JYxGfuD76g7Nhu4+NSIyhURuo6GWuhiFsxWpYWlh5UzkNcKrY3xVI9QeA5c/Qgw==",
      "requires": {
        "@babel/runtime": "^7.17.8",
        "@polkadot/api": "7.14.3",
        "@polkadot/api-augment": "7.14.3",
        "@polkadot/api-base": "7.14.3",
        "@polkadot/rpc-core": "7.14.3",
        "@polkadot/types": "7.14.3",
        "@polkadot/types-codec": "7.14.3",
        "@polkadot/util": "^8.7.1",
        "@polkadot/util-crypto": "^8.7.1",
        "rxjs": "^7.5.5"
      }
    },
    "@polkadot/keyring": {
      "version": "8.7.1",
      "resolved": "https://registry.npmjs.org/@polkadot/keyring/-/keyring-8.7.1.tgz",
      "integrity": "sha512-t6ZgQVC+nQT7XwbWtEhkDpiAzxKVJw8Xd/gWdww6xIrawHu7jo3SGB4QNdPgkf8TvDHYAAJiupzVQYAlOIq3GA==",
      "requires": {
        "@babel/runtime": "^7.17.8",
        "@polkadot/util": "8.7.1",
        "@polkadot/util-crypto": "8.7.1"
      }
    },
    "@polkadot/networks": {
      "version": "8.7.1",
      "resolved": "https://registry.npmjs.org/@polkadot/networks/-/networks-8.7.1.tgz",
      "integrity": "sha512-8xAmhDW0ry5EKcEjp6VTuwoTm0DdDo/zHsmx88P6sVL87gupuFsL+B6TrsYLl8GcaqxujwrOlKB+CKTUg7qFKg==",
      "requires": {
        "@babel/runtime": "^7.17.8",
        "@polkadot/util": "8.7.1",
        "@substrate/ss58-registry": "^1.17.0"
      }
    },
    "@polkadot/rpc-augment": {
      "version": "7.14.3",
      "resolved": "https://registry.npmjs.org/@polkadot/rpc-augment/-/rpc-augment-7.14.3.tgz",
      "integrity": "sha512-bP+e95szj9zyn03hHXbh9L7HOBBUmZqll7XDK9+s4XtN5lrWtkoG2iL/50OQko7CDbyYl9bS6yWMde3RqBBypg==",
      "requires": {
        "@babel/runtime": "^7.17.8",
        "@polkadot/rpc-core": "7.14.3",
        "@polkadot/types": "7.14.3",
        "@polkadot/types-codec": "7.14.3",
        "@polkadot/util": "^8.7.1"
      }
    },
    "@polkadot/rpc-core": {
      "version": "7.14.3",
      "resolved": "https://registry.npmjs.org/@polkadot/rpc-core/-/rpc-core-7.14.3.tgz",
      "integrity": "sha512-903YO+kw85uuLZ8X29W/QFj0v+XWRABPHOI+joOenIRKMIn1wy5QeCe7HrIn2aST31LqVLFAd1jMNPx1tCkQfA==",
      "requires": {
        "@babel/runtime": "^7.17.8",
        "@polkadot/rpc-augment": "7.14.3",
        "@polkadot/rpc-provider": "7.14.3",
        "@polkadot/types": "7.14.3",
        "@polkadot/util": "^8.7.1",
        "rxjs": "^7.5.5"
      }
    },
    "@polkadot/rpc-provider": {
      "version": "7.14.3",
      "resolved": "https://registry.npmjs.org/@polkadot/rpc-provider/-/rpc-provider-7.14.3.tgz",
      "integrity": "sha512-Kl/kZ6OCDD+iG5mm45gcNwkMV34ONmIYUcMN8qIjtjQKLE3vt8RBl6puNpjhrhgPW3w4I/8bXxmIj05Od6yFKA==",
      "requires": {
        "@babel/runtime": "^7.17.8",
        "@polkadot/keyring": "^8.7.1",
        "@polkadot/types": "7.14.3",
        "@polkadot/types-support": "7.14.3",
        "@polkadot/util": "^8.7.1",
        "@polkadot/util-crypto": "^8.7.1",
        "@polkadot/x-fetch": "^8.7.1",
        "@polkadot/x-global": "^8.7.1",
        "@polkadot/x-ws": "^8.7.1",
        "@substrate/connect": "0.7.0-alpha.0",
        "eventemitter3": "^4.0.7",
        "mock-socket": "^9.1.2",
        "nock": "^13.2.4"
      }
    },
    "@polkadot/types": {
      "version": "7.14.3",
      "resolved": "https://registry.npmjs.org/@polkadot/types/-/types-7.14.3.tgz",
      "integrity": "sha512-Nx6BeEcGe9EgmGif9SRd1fbRVlrxq7snZWMAhrJLq6cwoDsmtA6uRxwT8wWINwXCeCOa9RS5GAeDCeWYlFP1tQ==",
      "requires": {
        "@babel/runtime": "^7.17.8",
        "@polkadot/keyring": "^8.7.1",
        "@polkadot/types-augment": "7.14.3",
        "@polkadot/types-codec": "7.14.3",
        "@polkadot/types-create": "7.14.3",
        "@polkadot/util": "^8.7.1",
        "@polkadot/util-crypto": "^8.7.1",
        "rxjs": "^7.5.5"
      }
    },
    "@polkadot/types-augment": {
      "version": "7.14.3",
      "resolved": "https://registry.npmjs.org/@polkadot/types-augment/-/types-augment-7.14.3.tgz",
      "integrity": "sha512-Vx2URwuXoTvVEPvpkIYkDPhWEAC72VmDTNpKIljF6e4hpIBDCj1FgiWzbhpxag10O5jsUx8Pymkq4pzFHTy/aA==",
      "requires": {
        "@babel/runtime": "^7.17.8",
        "@polkadot/types": "7.14.3",
        "@polkadot/types-codec": "7.14.3",
        "@polkadot/util": "^8.7.1"
      }
    },
    "@polkadot/types-codec": {
      "version": "7.14.3",
      "resolved": "https://registry.npmjs.org/@polkadot/types-codec/-/types-codec-7.14.3.tgz",
      "integrity": "sha512-Xb0oJ1yzXL40XHa7yyCN4PCLGVH+CLKX2HuDfGdOFMrPIOLBsBTOlilvKfdUS2PVACr7djF6CYeu8UO5vIx44w==",
      "requires": {
        "@babel/runtime": "^7.17.8",
        "@polkadot/util": "^8.7.1"
      }
    },
    "@polkadot/types-create": {
      "version": "7.14.3",
      "resolved": "https://registry.npmjs.org/@polkadot/types-create/-/types-create-7.14.3.tgz",
      "integrity": "sha512-UiaeMg/mLZ+eVruY2gCcs92xOF10uSvVtuFYvYkhs5MGhh4j1OrlBd2Abn+nJc6bzzJxGst3oRuaxs9Nlq3J7Q==",
      "requires": {
        "@babel/runtime": "^7.17.8",
        "@polkadot/types-codec": "7.14.3",
        "@polkadot/util": "^8.7.1"
      }
    },
    "@polkadot/types-known": {
      "version": "7.14.3",
      "resolved": "https://registry.npmjs.org/@polkadot/types-known/-/types-known-7.14.3.tgz",
      "integrity": "sha512-u1DPow5hcY3IPWKMr7W9OGmhhal0wdUYsfu8SVe0/jqDZpZ4drOMpUEo60hR0N+8xmHQpkgsn65LoOqxPTB2WA==",
      "requires": {
        "@babel/runtime": "^7.17.8",
        "@polkadot/networks": "^8.7.1",
        "@polkadot/types": "7.14.3",
        "@polkadot/types-codec": "7.14.3",
        "@polkadot/types-create": "7.14.3",
        "@polkadot/util": "^8.7.1"
      }
    },
    "@polkadot/types-support": {
      "version": "7.14.3",
      "resolved": "https://registry.npmjs.org/@polkadot/types-support/-/types-support-7.14.3.tgz",
      "integrity": "sha512-gBrmjTpEsbaj5/SRZug/exOKwhg56GkOjouI/NYA4dikODPy1tOk3tx9SdvjLCQG5bd7GMY/sd9vbr1Rfu0Jnw==",
      "requires": {
        "@babel/runtime": "^7.17.8",
        "@polkadot/util": "^8.7.1"
      }
    },
    "@polkadot/util": {
      "version": "8.7.1",
      "resolved": "https://registry.npmjs.org/@polkadot/util/-/util-8.7.1.tgz",
      "integrity": "sha512-XjY1bTo7V6OvOCe4yn8H2vifeuBciCy0gq0k5P1tlGUQLI/Yt0hvDmxcA0FEPtqg8CL+rYRG7WXGPVNjkrNvyQ==",
      "requires": {
        "@babel/runtime": "^7.17.8",
        "@polkadot/x-bigint": "8.7.1",
        "@polkadot/x-global": "8.7.1",
        "@polkadot/x-textdecoder": "8.7.1",
        "@polkadot/x-textencoder": "8.7.1",
        "@types/bn.js": "^5.1.0",
        "bn.js": "^5.2.0",
        "ip-regex": "^4.3.0"
      }
    },
    "@polkadot/util-crypto": {
      "version": "8.7.1",
      "resolved": "https://registry.npmjs.org/@polkadot/util-crypto/-/util-crypto-8.7.1.tgz",
      "integrity": "sha512-TaSuJ2aNrB5sYK7YXszkEv24nYJKRFqjF2OrggoMg6uYxUAECvTkldFnhtgeizMweRMxJIBu6bMHlSIutbWgjw==",
      "requires": {
        "@babel/runtime": "^7.17.8",
        "@noble/hashes": "1.0.0",
        "@noble/secp256k1": "1.5.5",
        "@polkadot/networks": "8.7.1",
        "@polkadot/util": "8.7.1",
        "@polkadot/wasm-crypto": "^5.1.1",
        "@polkadot/x-bigint": "8.7.1",
        "@polkadot/x-randomvalues": "8.7.1",
        "@scure/base": "1.0.0",
        "ed2curve": "^0.3.0",
        "tweetnacl": "^1.0.3"
      }
    },
    "@polkadot/wasm-crypto": {
      "version": "5.1.1",
      "resolved": "https://registry.npmjs.org/@polkadot/wasm-crypto/-/wasm-crypto-5.1.1.tgz",
      "integrity": "sha512-JCcAVfH8DhYuEyd4oX1ouByxhou0TvpErKn8kHjtzt7+tRoFi0nzWlmK4z49vszsV3JJgXxV81i10C0BYlwTcQ==",
      "requires": {
        "@babel/runtime": "^7.17.8",
        "@polkadot/wasm-crypto-asmjs": "^5.1.1",
        "@polkadot/wasm-crypto-wasm": "^5.1.1"
      }
    },
    "@polkadot/wasm-crypto-asmjs": {
      "version": "5.1.1",
      "resolved": "https://registry.npmjs.org/@polkadot/wasm-crypto-asmjs/-/wasm-crypto-asmjs-5.1.1.tgz",
      "integrity": "sha512-1WBwc2G3pZMKW1T01uXzKE30Sg22MXmF3RbbZiWWk3H2d/Er4jZQRpjumxO5YGWan+xOb7HQQdwnrUnrPgbDhg==",
      "requires": {
        "@babel/runtime": "^7.17.8"
      }
    },
    "@polkadot/wasm-crypto-wasm": {
      "version": "5.1.1",
      "resolved": "https://registry.npmjs.org/@polkadot/wasm-crypto-wasm/-/wasm-crypto-wasm-5.1.1.tgz",
      "integrity": "sha512-F9PZ30J2S8vUNl2oY7Myow5Xsx5z5uNVpnNlJwlmY8IXBvyucvyQ4HSdhJsrbs4W1BfFc0mHghxgp0FbBCnf/Q==",
      "requires": {
        "@babel/runtime": "^7.17.8"
      }
    },
    "@polkadot/x-bigint": {
      "version": "8.7.1",
      "resolved": "https://registry.npmjs.org/@polkadot/x-bigint/-/x-bigint-8.7.1.tgz",
      "integrity": "sha512-ClkhgdB/KqcAKk3zA6Qw8wBL6Wz67pYTPkrAtImpvoPJmR+l4RARauv+MH34JXMUNlNb3aUwqN6lq2Z1zN+mJg==",
      "requires": {
        "@babel/runtime": "^7.17.8",
        "@polkadot/x-global": "8.7.1"
      }
    },
    "@polkadot/x-fetch": {
      "version": "8.7.1",
      "resolved": "https://registry.npmjs.org/@polkadot/x-fetch/-/x-fetch-8.7.1.tgz",
      "integrity": "sha512-ygNparcalYFGbspXtdtZOHvNXZBkNgmNO+um9C0JYq74K5OY9/be93uyfJKJ8JcRJtOqBfVDsJpbiRkuJ1PRfg==",
      "requires": {
        "@babel/runtime": "^7.17.8",
        "@polkadot/x-global": "8.7.1",
        "@types/node-fetch": "^2.6.1",
        "node-fetch": "^2.6.7"
      }
    },
    "@polkadot/x-global": {
      "version": "8.7.1",
      "resolved": "https://registry.npmjs.org/@polkadot/x-global/-/x-global-8.7.1.tgz",
      "integrity": "sha512-WOgUor16IihgNVdiTVGAWksYLUAlqjmODmIK1cuWrLOZtV1VBomWcb3obkO9sh5P6iWziAvCB/i+L0vnTN9ZCA==",
      "requires": {
        "@babel/runtime": "^7.17.8"
      }
    },
    "@polkadot/x-randomvalues": {
      "version": "8.7.1",
      "resolved": "https://registry.npmjs.org/@polkadot/x-randomvalues/-/x-randomvalues-8.7.1.tgz",
      "integrity": "sha512-njt17MlfN6yNyNEti7fL12lr5qM6A1aSGkWKVuqzc7XwSBesifJuW4km5u6r2gwhXjH2eHDv9SoQ7WXu8vrrkg==",
      "requires": {
        "@babel/runtime": "^7.17.8",
        "@polkadot/x-global": "8.7.1"
      }
    },
    "@polkadot/x-textdecoder": {
      "version": "8.7.1",
      "resolved": "https://registry.npmjs.org/@polkadot/x-textdecoder/-/x-textdecoder-8.7.1.tgz",
      "integrity": "sha512-ia0Ie2zi4VdQdNVD2GE2FZzBMfX//hEL4w546RMJfZM2LqDS674LofHmcyrsv5zscLnnRyCxZC1+J2dt+6MDIA==",
      "requires": {
        "@babel/runtime": "^7.17.8",
        "@polkadot/x-global": "8.7.1"
      }
    },
    "@polkadot/x-textencoder": {
      "version": "8.7.1",
      "resolved": "https://registry.npmjs.org/@polkadot/x-textencoder/-/x-textencoder-8.7.1.tgz",
      "integrity": "sha512-XDO0A27Xy+eJCKSxENroB8Dcnl+UclGG4ZBei+P/BqZ9rsjskUyd2Vsl6peMXAcsxwOE7g0uTvujoGM8jpKOXw==",
      "requires": {
        "@babel/runtime": "^7.17.8",
        "@polkadot/x-global": "8.7.1"
      }
    },
    "@polkadot/x-ws": {
      "version": "8.7.1",
      "resolved": "https://registry.npmjs.org/@polkadot/x-ws/-/x-ws-8.7.1.tgz",
      "integrity": "sha512-Mt0tcNzGXyKnN3DQ06alkv+JLtTfXWu6zSypFrrKHSQe3u79xMQ1nSicmpT3gWLhIa8YF+8CYJXMrqaXgCnDhw==",
      "requires": {
        "@babel/runtime": "^7.17.8",
        "@polkadot/x-global": "8.7.1",
        "@types/websocket": "^1.0.5",
        "websocket": "^1.0.34"
      }
    },
    "@scure/base": {
      "version": "1.0.0",
      "resolved": "https://registry.npmjs.org/@scure/base/-/base-1.0.0.tgz",
      "integrity": "sha512-gIVaYhUsy+9s58m/ETjSJVKHhKTBMmcRb9cEV5/5dwvfDlfORjKrFsDeDHWRrm6RjcPvCLZFwGJjAjLj1gg4HA=="
    },
    "@substrate/connect": {
      "version": "0.7.0-alpha.0",
      "resolved": "https://registry.npmjs.org/@substrate/connect/-/connect-0.7.0-alpha.0.tgz",
      "integrity": "sha512-fvO7w++M8R95R/pGJFW9+cWOt8OYnnTfgswxtlPqSgzqX4tta8xcNQ51crC72FcL5agwSGkA1gc2/+eyTj7O8A==",
      "requires": {
        "@substrate/connect-extension-protocol": "^1.0.0",
        "@substrate/smoldot-light": "0.6.8",
        "eventemitter3": "^4.0.7"
      }
    },
    "@substrate/connect-extension-protocol": {
      "version": "1.0.0",
      "resolved": "https://registry.npmjs.org/@substrate/connect-extension-protocol/-/connect-extension-protocol-1.0.0.tgz",
      "integrity": "sha512-nFVuKdp71hMd/MGlllAOh+a2hAqt8m6J2G0aSsS/RcALZexxF9jodbFc62ni8RDtJboeOfXAHhenYOANvJKPIg=="
    },
    "@substrate/smoldot-light": {
      "version": "0.6.8",
      "resolved": "https://registry.npmjs.org/@substrate/smoldot-light/-/smoldot-light-0.6.8.tgz",
      "integrity": "sha512-9lVwbG6wrtss0sd6013BJGe4WN4taujsGG49pwyt1Lj36USeL2Sb164TTUxmZF/g2NQEqDPwPROBdekQ2gFmgg==",
      "requires": {
        "buffer": "^6.0.1",
        "pako": "^2.0.4",
        "websocket": "^1.0.32"
      }
    },
    "@substrate/ss58-registry": {
      "version": "1.17.0",
      "resolved": "https://registry.npmjs.org/@substrate/ss58-registry/-/ss58-registry-1.17.0.tgz",
      "integrity": "sha512-YdQOxCtEZLnYZFg/zSzfROYtvIs5+iLD7p/VHoll7AVEhrPAmxgF5ggMDB2Dass7dfwABVx7heATbPFNg95Q8w=="
    },
    "@types/bn.js": {
      "version": "5.1.0",
      "resolved": "https://registry.npmjs.org/@types/bn.js/-/bn.js-5.1.0.tgz",
      "integrity": "sha512-QSSVYj7pYFN49kW77o2s9xTCwZ8F2xLbjLLSEVh8D2F4JUhZtPAGOFLTD+ffqksBx/u4cE/KImFjyhqCjn/LIA==",
      "requires": {
        "@types/node": "*"
      }
    },
    "@types/node": {
      "version": "17.0.23",
      "resolved": "https://registry.npmjs.org/@types/node/-/node-17.0.23.tgz",
      "integrity": "sha512-UxDxWn7dl97rKVeVS61vErvw086aCYhDLyvRQZ5Rk65rZKepaFdm53GeqXaKBuOhED4e9uWq34IC3TdSdJJ2Gw=="
    },
    "@types/node-fetch": {
      "version": "2.6.1",
      "resolved": "https://registry.npmjs.org/@types/node-fetch/-/node-fetch-2.6.1.tgz",
      "integrity": "sha512-oMqjURCaxoSIsHSr1E47QHzbmzNR5rK8McHuNb11BOM9cHcIK3Avy0s/b2JlXHoQGTYS3NsvWzV1M0iK7l0wbA==",
      "requires": {
        "@types/node": "*",
        "form-data": "^3.0.0"
      }
    },
    "@types/underscore": {
      "version": "1.11.4",
      "resolved": "https://registry.npmjs.org/@types/underscore/-/underscore-1.11.4.tgz",
      "integrity": "sha512-uO4CD2ELOjw8tasUrAhvnn2W4A0ZECOvMjCivJr4gA9pGgjv+qxKWY9GLTMVEK8ej85BxQOocUyE7hImmSQYcg==",
      "dev": true
    },
    "@types/websocket": {
      "version": "1.0.5",
      "resolved": "https://registry.npmjs.org/@types/websocket/-/websocket-1.0.5.tgz",
      "integrity": "sha512-NbsqiNX9CnEfC1Z0Vf4mE1SgAJ07JnRYcNex7AJ9zAVzmiGHmjKFEk7O4TJIsgv2B1sLEb6owKFZrACwdYngsQ==",
      "requires": {
        "@types/node": "*"
      }
    },
    "asynckit": {
      "version": "0.4.0",
      "resolved": "https://registry.npmjs.org/asynckit/-/asynckit-0.4.0.tgz",
      "integrity": "sha1-x57Zf380y48robyXkLzDZkdLS3k="
    },
    "base64-js": {
      "version": "1.5.1",
      "resolved": "https://registry.npmjs.org/base64-js/-/base64-js-1.5.1.tgz",
      "integrity": "sha512-AKpaYlHn8t4SVbOHCy+b5+KKgvR4vrsD8vbvrbiQJps7fKDTkjkDry6ji0rUJjC0kzbNePLwzxq8iypo41qeWA=="
    },
    "bn.js": {
      "version": "5.2.0",
      "resolved": "https://registry.npmjs.org/bn.js/-/bn.js-5.2.0.tgz",
      "integrity": "sha512-D7iWRBvnZE8ecXiLj/9wbxH7Tk79fAh8IHaTNq1RWRixsS02W+5qS+iE9yq6RYl0asXx5tw0bLhmT5pIfbSquw=="
    },
    "buffer": {
      "version": "6.0.3",
      "resolved": "https://registry.npmjs.org/buffer/-/buffer-6.0.3.tgz",
      "integrity": "sha512-FTiCpNxtwiZZHEZbcbTIcZjERVICn9yq/pDFkTl95/AxzD1naBctN7YO68riM/gLSDY7sdrMby8hofADYuuqOA==",
      "requires": {
        "base64-js": "^1.3.1",
        "ieee754": "^1.2.1"
      }
    },
    "bufferutil": {
      "version": "4.0.6",
      "resolved": "https://registry.npmjs.org/bufferutil/-/bufferutil-4.0.6.tgz",
      "integrity": "sha512-jduaYOYtnio4aIAyc6UbvPCVcgq7nYpVnucyxr6eCYg/Woad9Hf/oxxBRDnGGjPfjUm6j5O/uBWhIu4iLebFaw==",
      "requires": {
        "node-gyp-build": "^4.3.0"
      }
    },
    "combined-stream": {
      "version": "1.0.8",
      "resolved": "https://registry.npmjs.org/combined-stream/-/combined-stream-1.0.8.tgz",
      "integrity": "sha512-FQN4MRfuJeHf7cBbBMJFXhKSDq+2kAArBlmRBvcvFE5BB1HZKXtSFASDhdlz9zOYwxh8lDdnvmMOe/+5cdoEdg==",
      "requires": {
        "delayed-stream": "~1.0.0"
      }
    },
    "d": {
      "version": "1.0.1",
      "resolved": "https://registry.npmjs.org/d/-/d-1.0.1.tgz",
      "integrity": "sha512-m62ShEObQ39CfralilEQRjH6oAMtNCV1xJyEx5LpRYUVN+EviphDgUc/F3hnYbADmkiNs67Y+3ylmlG7Lnu+FA==",
      "requires": {
        "es5-ext": "^0.10.50",
        "type": "^1.0.1"
      }
    },
    "debug": {
      "version": "2.6.9",
      "resolved": "https://registry.npmjs.org/debug/-/debug-2.6.9.tgz",
      "integrity": "sha512-bC7ElrdJaJnPbAP+1EotYvqZsb3ecl5wi6Bfi6BJTUcNowp6cvspg0jXznRTKDjm/E7AdgFBVeAPVMNcKGsHMA==",
      "requires": {
        "ms": "2.0.0"
      }
    },
    "delayed-stream": {
      "version": "1.0.0",
      "resolved": "https://registry.npmjs.org/delayed-stream/-/delayed-stream-1.0.0.tgz",
      "integrity": "sha1-3zrhmayt+31ECqrgsp4icrJOxhk="
    },
    "ed2curve": {
      "version": "0.3.0",
      "resolved": "https://registry.npmjs.org/ed2curve/-/ed2curve-0.3.0.tgz",
      "integrity": "sha512-8w2fmmq3hv9rCrcI7g9hms2pMunQr1JINfcjwR9tAyZqhtyaMN991lF/ZfHfr5tzZQ8c7y7aBgZbjfbd0fjFwQ==",
      "requires": {
        "tweetnacl": "1.x.x"
      }
    },
    "es5-ext": {
      "version": "0.10.59",
      "resolved": "https://registry.npmjs.org/es5-ext/-/es5-ext-0.10.59.tgz",
      "integrity": "sha512-cOgyhW0tIJyQY1Kfw6Kr0viu9ZlUctVchRMZ7R0HiH3dxTSp5zJDLecwxUqPUrGKMsgBI1wd1FL+d9Jxfi4cLw==",
      "requires": {
        "es6-iterator": "^2.0.3",
        "es6-symbol": "^3.1.3",
        "next-tick": "^1.1.0"
      }
    },
    "es6-iterator": {
      "version": "2.0.3",
      "resolved": "https://registry.npmjs.org/es6-iterator/-/es6-iterator-2.0.3.tgz",
      "integrity": "sha1-p96IkUGgWpSwhUQDstCg+/qY87c=",
      "requires": {
        "d": "1",
        "es5-ext": "^0.10.35",
        "es6-symbol": "^3.1.1"
      }
    },
    "es6-symbol": {
      "version": "3.1.3",
      "resolved": "https://registry.npmjs.org/es6-symbol/-/es6-symbol-3.1.3.tgz",
      "integrity": "sha512-NJ6Yn3FuDinBaBRWl/q5X/s4koRHBrgKAu+yGI6JCBeiu3qrcbJhwT2GeR/EXVfylRk8dpQVJoLEFhK+Mu31NA==",
      "requires": {
        "d": "^1.0.1",
        "ext": "^1.1.2"
      }
    },
    "eventemitter3": {
      "version": "4.0.7",
      "resolved": "https://registry.npmjs.org/eventemitter3/-/eventemitter3-4.0.7.tgz",
      "integrity": "sha512-8guHBZCwKnFhYdHr2ysuRWErTwhoN2X8XELRlrRwpmfeY2jjuUN4taQMsULKUVo1K4DvZl+0pgfyoysHxvmvEw=="
    },
    "ext": {
      "version": "1.6.0",
      "resolved": "https://registry.npmjs.org/ext/-/ext-1.6.0.tgz",
      "integrity": "sha512-sdBImtzkq2HpkdRLtlLWDa6w4DX22ijZLKx8BMPUuKe1c5lbN6xwQDQCxSfxBQnHZ13ls/FH0MQZx/q/gr6FQg==",
      "requires": {
        "type": "^2.5.0"
      },
      "dependencies": {
        "type": {
          "version": "2.6.0",
          "resolved": "https://registry.npmjs.org/type/-/type-2.6.0.tgz",
          "integrity": "sha512-eiDBDOmkih5pMbo9OqsqPRGMljLodLcwd5XD5JbtNB0o89xZAwynY9EdCDsJU7LtcVCClu9DvM7/0Ep1hYX3EQ=="
        }
      }
    },
    "form-data": {
      "version": "3.0.1",
      "resolved": "https://registry.npmjs.org/form-data/-/form-data-3.0.1.tgz",
      "integrity": "sha512-RHkBKtLWUVwd7SqRIvCZMEvAMoGUp0XU+seQiZejj0COz3RI3hWP4sCv3gZWWLjJTd7rGwcsF5eKZGii0r/hbg==",
      "requires": {
        "asynckit": "^0.4.0",
        "combined-stream": "^1.0.8",
        "mime-types": "^2.1.12"
      }
    },
    "ieee754": {
      "version": "1.2.1",
      "resolved": "https://registry.npmjs.org/ieee754/-/ieee754-1.2.1.tgz",
      "integrity": "sha512-dcyqhDvX1C46lXZcVqCpK+FtMRQVdIMN6/Df5js2zouUsqG7I6sFxitIC+7KYK29KdXOLHdu9zL4sFnoVQnqaA=="
    },
    "ip-regex": {
      "version": "4.3.0",
      "resolved": "https://registry.npmjs.org/ip-regex/-/ip-regex-4.3.0.tgz",
      "integrity": "sha512-B9ZWJxHHOHUhUjCPrMpLD4xEq35bUTClHM1S6CBU5ixQnkZmwipwgc96vAd7AAGM9TGHvJR+Uss+/Ak6UphK+Q=="
    },
    "is-typedarray": {
      "version": "1.0.0",
      "resolved": "https://registry.npmjs.org/is-typedarray/-/is-typedarray-1.0.0.tgz",
      "integrity": "sha1-5HnICFjfDBsR3dppQPlgEfzaSpo="
    },
    "json-stringify-safe": {
      "version": "5.0.1",
      "resolved": "https://registry.npmjs.org/json-stringify-safe/-/json-stringify-safe-5.0.1.tgz",
      "integrity": "sha1-Epai1Y/UXxmg9s4B1lcB4sc1tus="
    },
    "lodash.set": {
      "version": "4.3.2",
      "resolved": "https://registry.npmjs.org/lodash.set/-/lodash.set-4.3.2.tgz",
      "integrity": "sha1-2HV7HagH3eJIFrDWqEvqGnYjCyM="
    },
    "mime-db": {
      "version": "1.52.0",
      "resolved": "https://registry.npmjs.org/mime-db/-/mime-db-1.52.0.tgz",
      "integrity": "sha512-sPU4uV7dYlvtWJxwwxHD0PuihVNiE7TyAbQ5SWxDCB9mUYvOgroQOwYQQOKPJ8CIbE+1ETVlOoK1UC2nU3gYvg=="
    },
    "mime-types": {
      "version": "2.1.35",
      "resolved": "https://registry.npmjs.org/mime-types/-/mime-types-2.1.35.tgz",
      "integrity": "sha512-ZDY+bPm5zTTF+YpCrAU9nK0UgICYPT0QtT1NZWFv4s++TNkcgVaT0g6+4R2uI4MjQjzysHB1zxuWL50hzaeXiw==",
      "requires": {
        "mime-db": "1.52.0"
      }
    },
    "mock-socket": {
      "version": "9.1.2",
      "resolved": "https://registry.npmjs.org/mock-socket/-/mock-socket-9.1.2.tgz",
      "integrity": "sha512-XKZkCnQ9ISOlTnaPg4LYYSMj7+6i78HyadYzLA5JM4465ibLdjappZD9Csnqc3Tfzep/eEK/LCJ29BTaLHoB1A=="
    },
    "ms": {
      "version": "2.0.0",
      "resolved": "https://registry.npmjs.org/ms/-/ms-2.0.0.tgz",
      "integrity": "sha1-VgiurfwAvmwpAd9fmGF4jeDVl8g="
    },
    "next-tick": {
      "version": "1.1.0",
      "resolved": "https://registry.npmjs.org/next-tick/-/next-tick-1.1.0.tgz",
      "integrity": "sha512-CXdUiJembsNjuToQvxayPZF9Vqht7hewsvy2sOWafLvi2awflj9mOC6bHIg50orX8IJvWKY9wYQ/zB2kogPslQ=="
    },
    "nock": {
      "version": "13.2.4",
      "resolved": "https://registry.npmjs.org/nock/-/nock-13.2.4.tgz",
      "integrity": "sha512-8GPznwxcPNCH/h8B+XZcKjYPXnUV5clOKCjAqyjsiqA++MpNx9E9+t8YPp0MbThO+KauRo7aZJ1WuIZmOrT2Ug==",
      "requires": {
        "debug": "^4.1.0",
        "json-stringify-safe": "^5.0.1",
        "lodash.set": "^4.3.2",
        "propagate": "^2.0.0"
      },
      "dependencies": {
        "debug": {
          "version": "4.3.4",
          "resolved": "https://registry.npmjs.org/debug/-/debug-4.3.4.tgz",
          "integrity": "sha512-PRWFHuSU3eDtQJPvnNY7Jcket1j0t5OuOsFzPPzsekD52Zl8qUfFIPEiswXqIvHWGVHOgX+7G/vCNNhehwxfkQ==",
          "requires": {
            "ms": "2.1.2"
          }
        },
        "ms": {
          "version": "2.1.2",
          "resolved": "https://registry.npmjs.org/ms/-/ms-2.1.2.tgz",
          "integrity": "sha512-sGkPx+VjMtmA6MX27oA4FBFELFCZZ4S4XqeGOXCv68tT+jb3vk/RyaKWP0PTKyWtmLSM0b+adUTEvbs1PEaH2w=="
        }
      }
    },
    "node-fetch": {
      "version": "2.6.7",
      "resolved": "https://registry.npmjs.org/node-fetch/-/node-fetch-2.6.7.tgz",
      "integrity": "sha512-ZjMPFEfVx5j+y2yF35Kzx5sF7kDzxuDj6ziH4FFbOp87zKDZNx8yExJIb05OGF4Nlt9IHFIMBkRl41VdvcNdbQ==",
      "requires": {
        "whatwg-url": "^5.0.0"
      }
    },
    "node-gyp-build": {
      "version": "4.3.0",
      "resolved": "https://registry.npmjs.org/node-gyp-build/-/node-gyp-build-4.3.0.tgz",
      "integrity": "sha512-iWjXZvmboq0ja1pUGULQBexmxq8CV4xBhX7VDOTbL7ZR4FOowwY/VOtRxBN/yKxmdGoIp4j5ysNT4u3S2pDQ3Q=="
    },
    "pako": {
      "version": "2.0.4",
      "resolved": "https://registry.npmjs.org/pako/-/pako-2.0.4.tgz",
      "integrity": "sha512-v8tweI900AUkZN6heMU/4Uy4cXRc2AYNRggVmTR+dEncawDJgCdLMximOVA2p4qO57WMynangsfGRb5WD6L1Bg=="
    },
    "propagate": {
      "version": "2.0.1",
      "resolved": "https://registry.npmjs.org/propagate/-/propagate-2.0.1.tgz",
      "integrity": "sha512-vGrhOavPSTz4QVNuBNdcNXePNdNMaO1xj9yBeH1ScQPjk/rhg9sSlCXPhMkFuaNNW/syTvYqsnbIJxMBfRbbag=="
    },
    "regenerator-runtime": {
      "version": "0.13.9",
      "resolved": "https://registry.npmjs.org/regenerator-runtime/-/regenerator-runtime-0.13.9.tgz",
      "integrity": "sha512-p3VT+cOEgxFsRRA9X4lkI1E+k2/CtnKtU4gcxyaCUreilL/vqI6CdZ3wxVUx3UOUg+gnUOQQcRI7BmSI656MYA=="
    },
    "rxjs": {
      "version": "7.5.5",
      "resolved": "https://registry.npmjs.org/rxjs/-/rxjs-7.5.5.tgz",
      "integrity": "sha512-sy+H0pQofO95VDmFLzyaw9xNJU4KTRSwQIGM6+iG3SypAtCiLDzpeG8sJrNCWn2Up9km+KhkvTdbkrdy+yzZdw==",
      "requires": {
        "tslib": "^2.1.0"
      }
    },
    "tr46": {
      "version": "0.0.3",
      "resolved": "https://registry.npmjs.org/tr46/-/tr46-0.0.3.tgz",
      "integrity": "sha1-gYT9NH2snNwYWZLzpmIuFLnZq2o="
    },
    "tslib": {
      "version": "2.3.1",
      "resolved": "https://registry.npmjs.org/tslib/-/tslib-2.3.1.tgz",
      "integrity": "sha512-77EbyPPpMz+FRFRuAFlWMtmgUWGe9UOG2Z25NqCwiIjRhOf5iKGuzSe5P2w1laq+FkRy4p+PCuVkJSGkzTEKVw=="
    },
    "tweetnacl": {
      "version": "1.0.3",
      "resolved": "https://registry.npmjs.org/tweetnacl/-/tweetnacl-1.0.3.tgz",
      "integrity": "sha512-6rt+RN7aOi1nGMyC4Xa5DdYiukl2UWCbcJft7YhxReBGQD7OAM8Pbxw6YMo4r2diNEA8FEmu32YOn9rhaiE5yw=="
    },
    "type": {
      "version": "1.2.0",
      "resolved": "https://registry.npmjs.org/type/-/type-1.2.0.tgz",
      "integrity": "sha512-+5nt5AAniqsCnu2cEQQdpzCAh33kVx8n0VoFidKpB1dVVLAN/F+bgVOqOJqOnEnrhp222clB5p3vUlD+1QAnfg=="
    },
    "typedarray-to-buffer": {
      "version": "3.1.5",
      "resolved": "https://registry.npmjs.org/typedarray-to-buffer/-/typedarray-to-buffer-3.1.5.tgz",
      "integrity": "sha512-zdu8XMNEDepKKR+XYOXAVPtWui0ly0NtohUscw+UmaHiAWT8hrV1rr//H6V+0DvJ3OQ19S979M0laLfX8rm82Q==",
      "requires": {
        "is-typedarray": "^1.0.0"
      }
    },
    "typescript": {
      "version": "4.5.5",
      "resolved": "https://registry.npmjs.org/typescript/-/typescript-4.5.5.tgz",
      "integrity": "sha512-TCTIul70LyWe6IJWT8QSYeA54WQe8EjQFU4wY52Fasj5UKx88LNYKCgBEHcOMOrFF1rKGbD8v/xcNWVUq9SymA=="
    },
    "underscore": {
      "version": "1.13.2",
      "resolved": "https://registry.npmjs.org/underscore/-/underscore-1.13.2.tgz",
      "integrity": "sha512-ekY1NhRzq0B08g4bGuX4wd2jZx5GnKz6mKSqFL4nqBlfyMGiG10gDFhDTMEfYmDL6Jy0FUIZp7wiRB+0BP7J2g==",
      "dev": true
    },
    "utf-8-validate": {
      "version": "5.0.9",
      "resolved": "https://registry.npmjs.org/utf-8-validate/-/utf-8-validate-5.0.9.tgz",
      "integrity": "sha512-Yek7dAy0v3Kl0orwMlvi7TPtiCNrdfHNd7Gcc/pLq4BLXqfAmd0J7OWMizUQnTTJsyjKn02mU7anqwfmUP4J8Q==",
      "requires": {
        "node-gyp-build": "^4.3.0"
      }
    },
    "webidl-conversions": {
      "version": "3.0.1",
      "resolved": "https://registry.npmjs.org/webidl-conversions/-/webidl-conversions-3.0.1.tgz",
      "integrity": "sha1-JFNCdeKnvGvnvIZhHMFq4KVlSHE="
    },
    "websocket": {
      "version": "1.0.34",
      "resolved": "https://registry.npmjs.org/websocket/-/websocket-1.0.34.tgz",
      "integrity": "sha512-PRDso2sGwF6kM75QykIesBijKSVceR6jL2G8NGYyq2XrItNC2P5/qL5XeR056GhA+Ly7JMFvJb9I312mJfmqnQ==",
      "requires": {
        "bufferutil": "^4.0.1",
        "debug": "^2.2.0",
        "es5-ext": "^0.10.50",
        "typedarray-to-buffer": "^3.1.5",
        "utf-8-validate": "^5.0.2",
        "yaeti": "^0.0.6"
      }
    },
    "whatwg-url": {
      "version": "5.0.0",
      "resolved": "https://registry.npmjs.org/whatwg-url/-/whatwg-url-5.0.0.tgz",
      "integrity": "sha1-lmRU6HZUYuN2RNNib2dCzotwll0=",
      "requires": {
        "tr46": "~0.0.3",
        "webidl-conversions": "^3.0.0"
      }
    },
    "yaeti": {
      "version": "0.0.6",
      "resolved": "https://registry.npmjs.org/yaeti/-/yaeti-0.0.6.tgz",
      "integrity": "sha1-8m9ITXJoTPQr7ft2lwqhYI+/lXc="
    }
  }
}
