{
  "name": "moonbeam-types-bundle",
  "version": "1.0.1",
  "lockfileVersion": 1,
  "requires": true,
  "dependencies": {
    "@babel/runtime": {
      "version": "7.12.5",
      "resolved": "https://registry.npmjs.org/@babel/runtime/-/runtime-7.12.5.tgz",
      "integrity": "sha512-plcc+hbExy3McchJCEQG3knOsuh3HH+Prx1P6cLIkET/0dLuQDEnrT+s27Axgc9bqfsmNUNHfscgMUdBpC9xfg==",
      "requires": {
        "regenerator-runtime": "^0.13.4"
      }
    },
    "@polkadot/metadata": {
      "version": "3.2.3",
      "resolved": "https://registry.npmjs.org/@polkadot/metadata/-/metadata-3.2.3.tgz",
      "integrity": "sha512-tZRVlGZpIJ0u0pgTATtGhwq0JVJAHqfbY5j79EV3zeX2XsSWMdrTjgW0ZVAm4hlfyAozyMsOQGOuXwbqjUqO6w==",
      "requires": {
        "@babel/runtime": "^7.12.5",
        "@polkadot/types": "3.2.3",
        "@polkadot/types-known": "3.2.3",
        "@polkadot/util": "^5.2.2",
        "@polkadot/util-crypto": "^5.2.2",
        "bn.js": "^4.11.9"
      }
    },
    "@polkadot/networks": {
      "version": "5.2.2",
      "resolved": "https://registry.npmjs.org/@polkadot/networks/-/networks-5.2.2.tgz",
      "integrity": "sha512-rffpQNldyajuGrqNzNsQiGyupFv7TDUZ4Pm1kGAToMipd9IfJQFRs9TxeCvP7qwsWmsAPBe3YN6GHRNtS9TdEg==",
      "requires": {
        "@babel/runtime": "^7.12.5"
      }
    },
    "@polkadot/types": {
      "version": "3.2.3",
      "resolved": "https://registry.npmjs.org/@polkadot/types/-/types-3.2.3.tgz",
      "integrity": "sha512-dc3Sijj/Hoh7+5JONq/SGVZlIczuO4FVo4rNwzpblGaCJ8+92RVlN5KWleh2P0PYU2rgcLW6gV5rbZgaDtIGnA==",
      "requires": {
        "@babel/runtime": "^7.12.5",
        "@polkadot/metadata": "3.2.3",
        "@polkadot/util": "^5.2.2",
        "@polkadot/util-crypto": "^5.2.2",
        "@polkadot/x-rxjs": "3.2.3",
        "@types/bn.js": "^4.11.6",
        "bn.js": "^4.11.9"
      }
    },
    "@polkadot/types-known": {
      "version": "3.2.3",
      "resolved": "https://registry.npmjs.org/@polkadot/types-known/-/types-known-3.2.3.tgz",
      "integrity": "sha512-VU0wxIeRkYSUNUYvRLMORIYgszn7qANLru0ref4/8q8U7b1bHAhZNhyIWaoT+IHa5vA3D+sPGnnED2ZunpwtbQ==",
      "requires": {
        "@babel/runtime": "^7.12.5",
        "@polkadot/types": "3.2.3",
        "@polkadot/util": "^5.2.2",
        "bn.js": "^4.11.9"
      }
    },
    "@polkadot/util": {
      "version": "5.2.2",
      "resolved": "https://registry.npmjs.org/@polkadot/util/-/util-5.2.2.tgz",
      "integrity": "sha512-kUtQ3Jv+9xCMZOoXwFXVv7xHc5idPCIerbXN44406lvB3dF7G4sMUIG6fx2kCuarL+lF4RK8F4o14SpctK3wCA==",
      "requires": {
        "@babel/runtime": "^7.12.5",
        "@polkadot/x-textdecoder": "5.2.2",
        "@polkadot/x-textencoder": "5.2.2",
        "@types/bn.js": "^4.11.6",
        "bn.js": "^4.11.9",
        "camelcase": "^5.3.1",
        "ip-regex": "^4.2.0"
      }
    },
    "@polkadot/util-crypto": {
      "version": "5.2.2",
      "resolved": "https://registry.npmjs.org/@polkadot/util-crypto/-/util-crypto-5.2.2.tgz",
      "integrity": "sha512-U/QX5cwhFQgd448LVbJRP8IR9UeUNOH//Dv+ZhoCcqLXkVxMotF8BJjRUzkQVrORIlP0miWlwxygb4xzNsYhsw==",
      "requires": {
        "@babel/runtime": "^7.12.5",
        "@polkadot/networks": "5.2.2",
        "@polkadot/util": "5.2.2",
        "@polkadot/wasm-crypto": "^3.1.1",
        "@polkadot/x-randomvalues": "5.2.2",
        "base-x": "^3.0.8",
        "blakejs": "^1.1.0",
        "bn.js": "^4.11.9",
        "create-hash": "^1.2.0",
        "elliptic": "^6.5.3",
        "hash.js": "^1.1.7",
        "js-sha3": "^0.8.0",
        "scryptsy": "^2.1.0",
        "tweetnacl": "^1.0.3",
        "xxhashjs": "^0.2.2"
      }
    },
    "@polkadot/wasm-crypto": {
      "version": "3.1.1",
      "resolved": "https://registry.npmjs.org/@polkadot/wasm-crypto/-/wasm-crypto-3.1.1.tgz",
      "integrity": "sha512-uApLRojJY9Q7Arji6w9/eOYEu8Pg8dm+zt+640QLzC4KVVCpbdMmrcFAXCZXeOIJwsKveZsNehGUCcG77ypVPg==",
      "requires": {
        "@babel/runtime": "^7.12.5",
        "@polkadot/wasm-crypto-asmjs": "^3.1.1",
        "@polkadot/wasm-crypto-wasm": "^3.1.1"
      }
    },
    "@polkadot/wasm-crypto-asmjs": {
      "version": "3.1.1",
      "resolved": "https://registry.npmjs.org/@polkadot/wasm-crypto-asmjs/-/wasm-crypto-asmjs-3.1.1.tgz",
      "integrity": "sha512-7Lt4B/6dwUhb5OAuSes0qMd83TpkngvEpiXTt2ccf/t2OvAXY9msfeJ9as3dI2jvjA9edD//jiejJ0BHJgpuXw==",
      "requires": {
        "@babel/runtime": "^7.12.5"
      }
    },
    "@polkadot/wasm-crypto-wasm": {
      "version": "3.1.1",
      "resolved": "https://registry.npmjs.org/@polkadot/wasm-crypto-wasm/-/wasm-crypto-wasm-3.1.1.tgz",
      "integrity": "sha512-KaP1Ojf889ZeXHGPmyFTj0Qxr/jQ4yfpaGiEOCvYKXRYsDsbZKfxcb96PFil/x0yoZswWG3TX2S3hebnAzkmBg==",
      "requires": {
        "@babel/runtime": "^7.12.5"
      }
    },
    "@polkadot/x-randomvalues": {
      "version": "5.2.2",
      "resolved": "https://registry.npmjs.org/@polkadot/x-randomvalues/-/x-randomvalues-5.2.2.tgz",
      "integrity": "sha512-0aJmWUvOil6SC1At5YDHKFAMTUkvKw9IQC9Qxj0WhaDIY3KETgX+dNWNI8qEeoKsgCXMybPzewI5X9IXl7QItQ==",
      "requires": {
        "@babel/runtime": "^7.12.5"
      }
    },
    "@polkadot/x-rxjs": {
      "version": "3.2.3",
      "resolved": "https://registry.npmjs.org/@polkadot/x-rxjs/-/x-rxjs-3.2.3.tgz",
      "integrity": "sha512-EQnPxM9qsyrLkmeJkrxve2Znp4cgV5aGn/syeM+IxLMPqedirbM827JEadBVjJk5nWRtb6mIfaGllaX8kgVmzg==",
      "requires": {
        "@babel/runtime": "^7.12.5",
        "rxjs": "^6.6.3"
      }
    },
    "@polkadot/x-textdecoder": {
      "version": "5.2.2",
      "resolved": "https://registry.npmjs.org/@polkadot/x-textdecoder/-/x-textdecoder-5.2.2.tgz",
      "integrity": "sha512-4ca8oJT/CAXh0XqtKykuHLEubZZP+7KINGOd2NUqxrNQRCgc6iClAiNq+HByPJz4WMTIOTyGcbH2CplzB/GHLg==",
      "requires": {
        "@babel/runtime": "^7.12.5"
      }
    },
    "@polkadot/x-textencoder": {
      "version": "5.2.2",
      "resolved": "https://registry.npmjs.org/@polkadot/x-textencoder/-/x-textencoder-5.2.2.tgz",
      "integrity": "sha512-HInuKv67Jac6aNFxeQtFaEM97mgLB6shqB7oR5Z8cCL2T+xrdbp+cr5/R392QDt/LY6csFp5hw2YkN+42Yrthg==",
      "requires": {
        "@babel/runtime": "^7.12.5"
      }
    },
    "@types/bn.js": {
      "version": "4.11.6",
      "resolved": "https://registry.npmjs.org/@types/bn.js/-/bn.js-4.11.6.tgz",
      "integrity": "sha512-pqr857jrp2kPuO9uRjZ3PwnJTjoQy+fcdxvBTvHm6dkmEL9q+hDD/2j/0ELOBPtPnS8LjCX0gI9nbl8lVkadpg==",
      "requires": {
        "@types/node": "*"
      }
    },
    "@types/node": {
      "version": "14.14.16",
      "resolved": "https://registry.npmjs.org/@types/node/-/node-14.14.16.tgz",
      "integrity": "sha512-naXYePhweTi+BMv11TgioE2/FXU4fSl29HAH1ffxVciNsH3rYXjNP2yM8wqmSm7jS20gM8TIklKiTen+1iVncw=="
    },
    "base-x": {
      "version": "3.0.8",
      "resolved": "https://registry.npmjs.org/base-x/-/base-x-3.0.8.tgz",
      "integrity": "sha512-Rl/1AWP4J/zRrk54hhlxH4drNxPJXYUaKffODVI53/dAsV4t9fBxyxYKAVPU1XBHxYwOWP9h9H0hM2MVw4YfJA==",
      "requires": {
        "safe-buffer": "^5.0.1"
      }
    },
    "blakejs": {
      "version": "1.1.0",
      "resolved": "https://registry.npmjs.org/blakejs/-/blakejs-1.1.0.tgz",
      "integrity": "sha1-ad+S75U6qIylGjLfarHFShVfx6U="
    },
    "bn.js": {
      "version": "4.11.9",
      "resolved": "https://registry.npmjs.org/bn.js/-/bn.js-4.11.9.tgz",
      "integrity": "sha512-E6QoYqCKZfgatHTdHzs1RRKP7ip4vvm+EyRUeE2RF0NblwVvb0p6jSVeNTOFxPn26QXN2o6SMfNxKp6kU8zQaw=="
    },
    "brorand": {
      "version": "1.1.0",
      "resolved": "https://registry.npmjs.org/brorand/-/brorand-1.1.0.tgz",
      "integrity": "sha1-EsJe/kCkXjwyPrhnWgoM5XsiNx8="
    },
    "camelcase": {
      "version": "5.3.1",
      "resolved": "https://registry.npmjs.org/camelcase/-/camelcase-5.3.1.tgz",
      "integrity": "sha512-L28STB170nwWS63UjtlEOE3dldQApaJXZkOI1uMFfzf3rRuPegHaHesyee+YxQ+W6SvRDQV6UrdOdRiR153wJg=="
    },
    "cipher-base": {
      "version": "1.0.4",
      "resolved": "https://registry.npmjs.org/cipher-base/-/cipher-base-1.0.4.tgz",
      "integrity": "sha512-Kkht5ye6ZGmwv40uUDZztayT2ThLQGfnj/T71N/XzeZeo3nf8foyW7zGTsPYkEya3m5f3cAypH+qe7YOrM1U2Q==",
      "requires": {
        "inherits": "^2.0.1",
        "safe-buffer": "^5.0.1"
      }
    },
    "create-hash": {
      "version": "1.2.0",
      "resolved": "https://registry.npmjs.org/create-hash/-/create-hash-1.2.0.tgz",
      "integrity": "sha512-z00bCGNHDG8mHAkP7CtT1qVu+bFQUPjYq/4Iv3C3kWjTFV10zIjfSoeqXo9Asws8gwSHDGj/hl2u4OGIjapeCg==",
      "requires": {
        "cipher-base": "^1.0.1",
        "inherits": "^2.0.1",
        "md5.js": "^1.3.4",
        "ripemd160": "^2.0.1",
        "sha.js": "^2.4.0"
      }
    },
    "cuint": {
      "version": "0.2.2",
      "resolved": "https://registry.npmjs.org/cuint/-/cuint-0.2.2.tgz",
      "integrity": "sha1-QICG1AlVDCYxFVYZ6fp7ytw7mRs="
    },
    "elliptic": {
      "version": "6.5.3",
      "resolved": "https://registry.npmjs.org/elliptic/-/elliptic-6.5.3.tgz",
      "integrity": "sha512-IMqzv5wNQf+E6aHeIqATs0tOLeOTwj1QKbRcS3jBbYkl5oLAserA8yJTT7/VyHUYG91PRmPyeQDObKLPpeS4dw==",
      "requires": {
        "bn.js": "^4.4.0",
        "brorand": "^1.0.1",
        "hash.js": "^1.0.0",
        "hmac-drbg": "^1.0.0",
        "inherits": "^2.0.1",
        "minimalistic-assert": "^1.0.0",
        "minimalistic-crypto-utils": "^1.0.0"
      }
    },
    "hash-base": {
      "version": "3.1.0",
      "resolved": "https://registry.npmjs.org/hash-base/-/hash-base-3.1.0.tgz",
      "integrity": "sha512-1nmYp/rhMDiE7AYkDw+lLwlAzz0AntGIe51F3RfFfEqyQ3feY2eI/NcwC6umIQVOASPMsWJLJScWKSSvzL9IVA==",
      "requires": {
        "inherits": "^2.0.4",
        "readable-stream": "^3.6.0",
        "safe-buffer": "^5.2.0"
      }
    },
    "hash.js": {
      "version": "1.1.7",
      "resolved": "https://registry.npmjs.org/hash.js/-/hash.js-1.1.7.tgz",
      "integrity": "sha512-taOaskGt4z4SOANNseOviYDvjEJinIkRgmp7LbKP2YTTmVxWBl87s/uzK9r+44BclBSp2X7K1hqeNfz9JbBeXA==",
      "requires": {
        "inherits": "^2.0.3",
        "minimalistic-assert": "^1.0.1"
      }
    },
    "hmac-drbg": {
      "version": "1.0.1",
      "resolved": "https://registry.npmjs.org/hmac-drbg/-/hmac-drbg-1.0.1.tgz",
      "integrity": "sha1-0nRXAQJabHdabFRXk+1QL8DGSaE=",
      "requires": {
        "hash.js": "^1.0.3",
        "minimalistic-assert": "^1.0.0",
        "minimalistic-crypto-utils": "^1.0.1"
      }
    },
    "inherits": {
      "version": "2.0.4",
      "resolved": "https://registry.npmjs.org/inherits/-/inherits-2.0.4.tgz",
      "integrity": "sha512-k/vGaX4/Yla3WzyMCvTQOXYeIHvqOKtnqBduzTHpzpQZzAskKMhZ2K+EnBiSM9zGSoIFeMpXKxa4dYeZIQqewQ=="
    },
    "ip-regex": {
      "version": "4.2.0",
      "resolved": "https://registry.npmjs.org/ip-regex/-/ip-regex-4.2.0.tgz",
      "integrity": "sha512-n5cDDeTWWRwK1EBoWwRti+8nP4NbytBBY0pldmnIkq6Z55KNFmWofh4rl9dPZpj+U/nVq7gweR3ylrvMt4YZ5A=="
    },
    "js-sha3": {
      "version": "0.8.0",
      "resolved": "https://registry.npmjs.org/js-sha3/-/js-sha3-0.8.0.tgz",
      "integrity": "sha512-gF1cRrHhIzNfToc802P800N8PpXS+evLLXfsVpowqmAFR9uwbi89WvXg2QspOmXL8QL86J4T1EpFu+yUkwJY3Q=="
    },
    "md5.js": {
      "version": "1.3.5",
      "resolved": "https://registry.npmjs.org/md5.js/-/md5.js-1.3.5.tgz",
      "integrity": "sha512-xitP+WxNPcTTOgnTJcrhM0xvdPepipPSf3I8EIpGKeFLjt3PlJLIDG3u8EX53ZIubkb+5U2+3rELYpEhHhzdkg==",
      "requires": {
        "hash-base": "^3.0.0",
        "inherits": "^2.0.1",
        "safe-buffer": "^5.1.2"
      }
    },
    "minimalistic-assert": {
      "version": "1.0.1",
      "resolved": "https://registry.npmjs.org/minimalistic-assert/-/minimalistic-assert-1.0.1.tgz",
      "integrity": "sha512-UtJcAD4yEaGtjPezWuO9wC4nwUnVH/8/Im3yEHQP4b67cXlD/Qr9hdITCU1xDbSEXg2XKNaP8jsReV7vQd00/A=="
    },
    "minimalistic-crypto-utils": {
      "version": "1.0.1",
      "resolved": "https://registry.npmjs.org/minimalistic-crypto-utils/-/minimalistic-crypto-utils-1.0.1.tgz",
      "integrity": "sha1-9sAMHAsIIkblxNmd+4x8CDsrWCo="
    },
    "readable-stream": {
      "version": "3.6.0",
      "resolved": "https://registry.npmjs.org/readable-stream/-/readable-stream-3.6.0.tgz",
      "integrity": "sha512-BViHy7LKeTz4oNnkcLJ+lVSL6vpiFeX6/d3oSH8zCW7UxP2onchk+vTGB143xuFjHS3deTgkKoXXymXqymiIdA==",
      "requires": {
        "inherits": "^2.0.3",
        "string_decoder": "^1.1.1",
        "util-deprecate": "^1.0.1"
      }
    },
    "regenerator-runtime": {
      "version": "0.13.7",
      "resolved": "https://registry.npmjs.org/regenerator-runtime/-/regenerator-runtime-0.13.7.tgz",
      "integrity": "sha512-a54FxoJDIr27pgf7IgeQGxmqUNYrcV338lf/6gH456HZ/PhX+5BcwHXG9ajESmwe6WRO0tAzRUrRmNONWgkrew=="
    },
    "ripemd160": {
      "version": "2.0.2",
      "resolved": "https://registry.npmjs.org/ripemd160/-/ripemd160-2.0.2.tgz",
      "integrity": "sha512-ii4iagi25WusVoiC4B4lq7pbXfAp3D9v5CwfkY33vffw2+pkDjY1D8GaN7spsxvCSx8dkPqOZCEZyfxcmJG2IA==",
      "requires": {
        "hash-base": "^3.0.0",
        "inherits": "^2.0.1"
      }
    },
    "rxjs": {
      "version": "6.6.3",
      "resolved": "https://registry.npmjs.org/rxjs/-/rxjs-6.6.3.tgz",
      "integrity": "sha512-trsQc+xYYXZ3urjOiJOuCOa5N3jAZ3eiSpQB5hIT8zGlL2QfnHLJ2r7GMkBGuIausdJN1OneaI6gQlsqNHHmZQ==",
      "requires": {
        "tslib": "^1.9.0"
      }
    },
    "safe-buffer": {
      "version": "5.2.1",
      "resolved": "https://registry.npmjs.org/safe-buffer/-/safe-buffer-5.2.1.tgz",
      "integrity": "sha512-rp3So07KcdmmKbGvgaNxQSJr7bGVSVk5S9Eq1F+ppbRo70+YeaDxkw5Dd8NPN+GD6bjnYm2VuPuCXmpuYvmCXQ=="
    },
    "scryptsy": {
      "version": "2.1.0",
      "resolved": "https://registry.npmjs.org/scryptsy/-/scryptsy-2.1.0.tgz",
      "integrity": "sha512-1CdSqHQowJBnMAFyPEBRfqag/YP9OF394FV+4YREIJX4ljD7OxvQRDayyoyyCk+senRjSkP6VnUNQmVQqB6g7w=="
    },
    "sha.js": {
      "version": "2.4.11",
      "resolved": "https://registry.npmjs.org/sha.js/-/sha.js-2.4.11.tgz",
      "integrity": "sha512-QMEp5B7cftE7APOjk5Y6xgrbWu+WkLVQwk8JNjZ8nKRciZaByEW6MubieAiToS7+dwvrjGhH8jRXz3MVd0AYqQ==",
      "requires": {
        "inherits": "^2.0.1",
        "safe-buffer": "^5.0.1"
      }
    },
    "string_decoder": {
      "version": "1.3.0",
      "resolved": "https://registry.npmjs.org/string_decoder/-/string_decoder-1.3.0.tgz",
      "integrity": "sha512-hkRX8U1WjJFd8LsDJ2yQ/wWWxaopEsABU1XfkM8A+j0+85JAGppt16cr1Whg6KIbb4okU6Mql6BOj+uup/wKeA==",
      "requires": {
        "safe-buffer": "~5.2.0"
      }
    },
    "tslib": {
      "version": "1.14.1",
      "resolved": "https://registry.npmjs.org/tslib/-/tslib-1.14.1.tgz",
      "integrity": "sha512-Xni35NKzjgMrwevysHTCArtLDpPvye8zV/0E4EyYn43P7/7qvQwPh9BGkHewbMulVntbigmcT7rdX3BNo9wRJg=="
    },
    "tweetnacl": {
      "version": "1.0.3",
      "resolved": "https://registry.npmjs.org/tweetnacl/-/tweetnacl-1.0.3.tgz",
      "integrity": "sha512-6rt+RN7aOi1nGMyC4Xa5DdYiukl2UWCbcJft7YhxReBGQD7OAM8Pbxw6YMo4r2diNEA8FEmu32YOn9rhaiE5yw=="
    },
    "typescript": {
      "version": "4.1.3",
      "resolved": "https://registry.npmjs.org/typescript/-/typescript-4.1.3.tgz",
      "integrity": "sha512-B3ZIOf1IKeH2ixgHhj6la6xdwR9QrLC5d1VKeCSY4tvkqhF2eqd9O7txNlS0PO3GrBAFIdr3L1ndNwteUbZLYg=="
    },
    "util-deprecate": {
      "version": "1.0.2",
      "resolved": "https://registry.npmjs.org/util-deprecate/-/util-deprecate-1.0.2.tgz",
      "integrity": "sha1-RQ1Nyfpw3nMnYvvS1KKJgUGaDM8="
    },
    "xxhashjs": {
      "version": "0.2.2",
      "resolved": "https://registry.npmjs.org/xxhashjs/-/xxhashjs-0.2.2.tgz",
      "integrity": "sha512-AkTuIuVTET12tpsVIQo+ZU6f/qDmKuRUcjaqR+OIvm+aCBsZ95i7UVY5WJ9TMsSaZ0DA2WxoZ4acu0sPH+OKAw==",
      "requires": {
        "cuint": "^0.2.2"
      }
    }
  }
}
