# This file is generated by running "yarn install" inside your project.
# Manual changes might be lost - proceed with caution!

__metadata:
  version: 4
  cacheKey: 7

"@babel/runtime@npm:^7.13.9, @babel/runtime@npm:^7.14.5":
  version: 7.14.6
  resolution: "@babel/runtime@npm:7.14.6"
  dependencies:
    regenerator-runtime: ^0.13.4
  checksum: dd931f6ef1c8dab295c4a00c592db6352bf12a5c443f8222304d5c1d3e88d795fa949afcb6f053eec2e69e9827a17ff274524c1cd43813f56b61e3a540274d2f
  languageName: node
  linkType: hard

"@polkadot/keyring@npm:^6.8.1":
  version: 6.9.1
  resolution: "@polkadot/keyring@npm:6.9.1"
  dependencies:
    "@babel/runtime": ^7.14.5
    "@polkadot/util": 6.9.1
    "@polkadot/util-crypto": 6.9.1
  peerDependencies:
    "@polkadot/util": 6.9.1
    "@polkadot/util-crypto": 6.9.1
  checksum: 756da85353c22fdf687b0361666da906be19d11c72ea4f48298e892a759a10dc6f0c42b5492ab285d3de0431c66fd55c47d13f681fb14d80c778298d989b2750
  languageName: node
  linkType: hard

"@polkadot/metadata@npm:4.15.1":
  version: 4.15.1
  resolution: "@polkadot/metadata@npm:4.15.1"
  dependencies:
    "@babel/runtime": ^7.14.5
    "@polkadot/types": 4.15.1
    "@polkadot/types-known": 4.15.1
    "@polkadot/util": ^6.9.1
    "@polkadot/util-crypto": ^6.9.1
  checksum: 496a450a1c8af6ae203662f569012bdcef51d5440a47db06e2714b3a4ef7fcf847e799124603c76542e14f1cffb588b36f7f03d1eb873024b4cb1192791adfb9
  languageName: node
  linkType: hard

"@polkadot/networks@npm:6.9.1, @polkadot/networks@npm:^6.9.1":
  version: 6.9.1
  resolution: "@polkadot/networks@npm:6.9.1"
  dependencies:
    "@babel/runtime": ^7.14.5
  checksum: 6c1d2e8638e99619f8b324f7fac30a94f741389596550687d9003d5b4f5725347438883c8a65ee7ad42ef02987173a8c16180671fdc237cad58740f59f3a8c85
  languageName: node
  linkType: hard

"@polkadot/types-known@npm:4.15.1":
  version: 4.15.1
  resolution: "@polkadot/types-known@npm:4.15.1"
  dependencies:
    "@babel/runtime": ^7.14.5
    "@polkadot/networks": ^6.9.1
    "@polkadot/types": 4.15.1
    "@polkadot/util": ^6.9.1
  checksum: 1dcab0b5beee9d26e75a5eea4cfda83a3af8bc9b880626c7412f6cc765516addcbdf717c4f45eaf08d7408ada8ab40148a9d812671c1c7d5e9d5f82237f20158
  languageName: node
  linkType: hard

"@polkadot/types@npm:4.15.1, @polkadot/types@npm:^4.14.1":
  version: 4.15.1
  resolution: "@polkadot/types@npm:4.15.1"
  dependencies:
    "@babel/runtime": ^7.14.5
    "@polkadot/metadata": 4.15.1
    "@polkadot/util": ^6.9.1
    "@polkadot/util-crypto": ^6.9.1
    "@polkadot/x-rxjs": ^6.9.1
  checksum: ede27db095a4f31963ec4d8fa42dddf7fca2d2df61c37515035abc17b1d0cd22b9e3d7b6bda384b63fa7627c9ea959d6c25db9bc1c1584019df1455f3bef8433
  languageName: node
  linkType: hard

"@polkadot/util-crypto@npm:6.9.1, @polkadot/util-crypto@npm:^6.9.1":
  version: 6.9.1
  resolution: "@polkadot/util-crypto@npm:6.9.1"
  dependencies:
    "@babel/runtime": ^7.14.5
    "@polkadot/networks": 6.9.1
    "@polkadot/util": 6.9.1
    "@polkadot/wasm-crypto": ^4.0.2
    "@polkadot/x-randomvalues": 6.9.1
    base-x: ^3.0.8
    base64-js: ^1.5.1
    blakejs: ^1.1.0
    bn.js: ^4.11.9
    create-hash: ^1.2.0
    elliptic: ^6.5.4
    hash.js: ^1.1.7
    js-sha3: ^0.8.0
    scryptsy: ^2.1.0
    tweetnacl: ^1.0.3
    xxhashjs: ^0.2.2
  peerDependencies:
    "@polkadot/util": 6.9.1
  checksum: e17d9cc560115ef5cb052da96050f9bc54d206a183f664af8e50b039920f1373dfbcf3f2769a3a27b93e20626f051e7bab61902c314c95cbad20bfbe40ff7192
  languageName: node
  linkType: hard

"@polkadot/util@npm:6.9.1, @polkadot/util@npm:^6.9.1":
  version: 6.9.1
  resolution: "@polkadot/util@npm:6.9.1"
  dependencies:
    "@babel/runtime": ^7.14.5
    "@polkadot/x-textdecoder": 6.9.1
    "@polkadot/x-textencoder": 6.9.1
    "@types/bn.js": ^4.11.6
    bn.js: ^4.11.9
    camelcase: ^5.3.1
    ip-regex: ^4.3.0
  checksum: 9dcb4b3a4aa3830cb4ada09d0e19964ad950910d2af4188ac87c4a61c262d0a150886edb3427f1c03b59977f64cc581c297cce12c183481afa0f151aedf07572
  languageName: node
  linkType: hard

"@polkadot/wasm-crypto-asmjs@npm:^4.0.2":
  version: 4.0.2
  resolution: "@polkadot/wasm-crypto-asmjs@npm:4.0.2"
  dependencies:
    "@babel/runtime": ^7.13.9
  checksum: 31e88b73a1c73882fd5d8fca4b0b5f1b4db0fc1e5d75c6196b1f7a8f24c19c69cee6f66fd38df41d6f3f0c5b250a346137123dc69a5683bf77294daa11ebdaf0
  languageName: node
  linkType: hard

"@polkadot/wasm-crypto-wasm@npm:^4.0.2":
  version: 4.0.2
  resolution: "@polkadot/wasm-crypto-wasm@npm:4.0.2"
  dependencies:
    "@babel/runtime": ^7.13.9
  checksum: d149e025a4bc97753adac39f11ec994d3a9a4b0ac37148d5e7c64c41fc6f2cc9c0e4ebb349b043f2dceddbb2ea432b67a11c37fd2547b81aed091680461265cb
  languageName: node
  linkType: hard

"@polkadot/wasm-crypto@npm:^4.0.2":
  version: 4.0.2
  resolution: "@polkadot/wasm-crypto@npm:4.0.2"
  dependencies:
    "@babel/runtime": ^7.13.9
    "@polkadot/wasm-crypto-asmjs": ^4.0.2
    "@polkadot/wasm-crypto-wasm": ^4.0.2
  peerDependencies:
    "@polkadot/util": "*"
    "@polkadot/x-randomvalues": "*"
  checksum: 3375e334b01f88d454663355806a961868394600d55628067f37407a7764da8f411ba779ccfd3a215dde9873b0aa07e653c9a72f6d587b20e15d543ef52509dc
  languageName: node
  linkType: hard

"@polkadot/x-global@npm:6.9.1":
  version: 6.9.1
  resolution: "@polkadot/x-global@npm:6.9.1"
  dependencies:
    "@babel/runtime": ^7.14.5
    "@types/node-fetch": ^2.5.10
    node-fetch: ^2.6.1
  checksum: 117a5aadac24a58d6fc11cca2bf880d1287a0f5822fbe455251bc8fbf600485b5c9f79c739e4ef37e33e24a05bbcb5096f3fca7d7d966d1381e3a505bfb6a955
  languageName: node
  linkType: hard

"@polkadot/x-randomvalues@npm:6.9.1":
  version: 6.9.1
  resolution: "@polkadot/x-randomvalues@npm:6.9.1"
  dependencies:
    "@babel/runtime": ^7.14.5
    "@polkadot/x-global": 6.9.1
  checksum: aef4c7624d60638ffa057b00605ac9905be9509772b05464c5a5a0f14ecaf6ae9132efe973e2112f714955562b18e9aac686bd1fcbcf96ad0bac64bb843f53c2
  languageName: node
  linkType: hard

"@polkadot/x-rxjs@npm:^6.9.1":
  version: 6.9.1
  resolution: "@polkadot/x-rxjs@npm:6.9.1"
  dependencies:
    "@babel/runtime": ^7.14.5
    rxjs: ^6.6.7
  checksum: bbffb118b0ec95e9e2c4c6de4b2b2081dbf1c4fdcd2f3049d8fd6d771317006f380e52fe65e3e622e6f3eb9b7eecf3a46abf8fdc4fa69d72c8efdac3804bbbf5
  languageName: node
  linkType: hard

"@polkadot/x-textdecoder@npm:6.9.1":
  version: 6.9.1
  resolution: "@polkadot/x-textdecoder@npm:6.9.1"
  dependencies:
    "@babel/runtime": ^7.14.5
    "@polkadot/x-global": 6.9.1
  checksum: 7503fb45868970380d1c77fed141ed0f30de7d48d4477a45abeed080e60e4efd922a3e9cf417002ab3a70b57c7c78e6219863efc997a7e9ff90b4c8a4d6e9349
  languageName: node
  linkType: hard

"@polkadot/x-textencoder@npm:6.9.1":
  version: 6.9.1
  resolution: "@polkadot/x-textencoder@npm:6.9.1"
  dependencies:
    "@babel/runtime": ^7.14.5
    "@polkadot/x-global": 6.9.1
  checksum: 968453c8de796f637fd9e8662f16910d94fb8f87c8f44626b18697f2d5eacd6c0b4be86f8dfb3c615dddc29fc6364fbb18b267d945c1f9d0656b2afb14f6b527
  languageName: node
  linkType: hard

"@types/bn.js@npm:^4.11.6":
  version: 4.11.6
  resolution: "@types/bn.js@npm:4.11.6"
  dependencies:
    "@types/node": "*"
  checksum: 0f6cbfb3d12f6b5cce62922c57b4704583307961e9d09ae07e1aab2a41f815e27417bd022c8f48bba545c2bb27ee23e1035ca53500b2081e037e749ec27b88b8
  languageName: node
  linkType: hard

"@types/node-fetch@npm:^2.5.10":
  version: 2.5.10
  resolution: "@types/node-fetch@npm:2.5.10"
  dependencies:
    "@types/node": "*"
    form-data: ^3.0.0
  checksum: 7687038f73cf0f2e4bac8ced3abdfbb77f8b2719de2f180d0064238d7460c8b4dc0b39c08da35a76d7db9f86528599ea0f7cee7c468ad7cfecfe2db1c5863641
  languageName: node
  linkType: hard

"@types/node@npm:*":
  version: 15.12.4
  resolution: "@types/node@npm:15.12.4"
  checksum: 64b121a7e805379382aeb3eefed56c4c34f1ebf5e818ba2c732e43beebc4fbde20be438f3eaaffd8dba5062f0e0c9ae085127b7239906d170eda816885a6c508
  languageName: node
  linkType: hard

"asynckit@npm:^0.4.0":
  version: 0.4.0
  resolution: "asynckit@npm:0.4.0"
  checksum: a024000b9ddd938e2f27b3cb8188f96a5e1fff58185e98b84862fc4e01de279a547874a800340c2b106bb9de9b0fc61c6c683bc6892abf65e6be29a96addafd3
  languageName: node
  linkType: hard

"base-x@npm:^3.0.8":
  version: 3.0.8
  resolution: "base-x@npm:3.0.8"
  dependencies:
    safe-buffer: ^5.0.1
  checksum: 9e5832ab00f4413d63f8227901c18b2a9db5f379525f70b627e6e284007dc5e7940a765ef4ab03974b4c14a664153208758656ebb86979451d1995d13e3fa29b
  languageName: node
  linkType: hard

"base64-js@npm:^1.5.1":
  version: 1.5.1
  resolution: "base64-js@npm:1.5.1"
  checksum: c1b41a26ddc6620eb7f1ee6c29c812f5942a4e328e74263f995872cfb8ca3aee08542beb25cd10fd7ef16e4f16603e25c35a26e776c01fd55277e5035e829e0e
  languageName: node
  linkType: hard

"blakejs@npm:^1.1.0":
  version: 1.1.0
  resolution: "blakejs@npm:1.1.0"
  checksum: 007d68a909d94cea612294bbab0cb2c26440c3a59eb340dfca046f1913cf4aa917da56088ad762f13921883ccc81c6eed2924ceac27f4ebbf9b4d25981a85fcd
  languageName: node
  linkType: hard

"bn.js@npm:^4.11.9":
  version: 4.12.0
  resolution: "bn.js@npm:4.12.0"
  checksum: cfe7494de9c8a472c3534418f64f9c30a3f18134a8ad0c3ba4e0e934feb5d1a9110bba049a47ec6b79a1d649467df212f64ba6b22aaccbea0c3c208bef0b4110
  languageName: node
  linkType: hard

"brorand@npm:^1.1.0":
  version: 1.1.0
  resolution: "brorand@npm:1.1.0"
  checksum: 4536dd73f07f6884d89c09c906345b606abff477e87babef64a85656e8cf12b1c5f40d06313b91dac12bf3e031ac190b5d548f2c3bf75f655344c3fcf90cbc8a
  languageName: node
  linkType: hard

"camelcase@npm:^5.3.1":
  version: 5.3.1
  resolution: "camelcase@npm:5.3.1"
  checksum: 6a3350c4ea8ab6e5109e0b443cfaf43dc40abfad7b2d79dcafbbafbe9b6b4059b4365b17ad822e24cf08e6627c1ffb65a9651d05cef9fcc6f64b6a0c2f327feb
  languageName: node
  linkType: hard

"cipher-base@npm:^1.0.1":
  version: 1.0.4
  resolution: "cipher-base@npm:1.0.4"
  dependencies:
    inherits: ^2.0.1
    safe-buffer: ^5.0.1
  checksum: ec80001ec91dbb7c5c08facc00ffc9c75fed7abd6d720c7a9c62c260aa2e5cb2655c183e011b50b8b711f755b1753c7fdd2ca44c091ee78d81c377ca74ed83c9
  languageName: node
  linkType: hard

"combined-stream@npm:^1.0.8":
  version: 1.0.8
  resolution: "combined-stream@npm:1.0.8"
  dependencies:
    delayed-stream: ~1.0.0
  checksum: 5791ce7944530f0db74a97e77ea28b6fdbf89afcf038e41d6b4195019c4c803cd19ed2905a54959e5b3830d50bd5d6f93c681c6d3aaea8614ad43b48e62e9d65
  languageName: node
  linkType: hard

"create-hash@npm:^1.2.0":
  version: 1.2.0
  resolution: "create-hash@npm:1.2.0"
  dependencies:
    cipher-base: ^1.0.1
    inherits: ^2.0.1
    md5.js: ^1.3.4
    ripemd160: ^2.0.1
    sha.js: ^2.4.0
  checksum: 5565182efc3603e4d34c3ce13fd0765a058b27f91e49ba8e720e30ba8bfc53e9cd835e5343136000b6f210a979fe1041a4f3fe728e866e64f34db04b068fd725
  languageName: node
  linkType: hard

"cuint@npm:^0.2.2":
  version: 0.2.2
  resolution: "cuint@npm:0.2.2"
  checksum: e2b313668c8ba3867e66188dadf122b385bbc3ba16f639bfaf5f4c950665eefb7ca9bbd2a2e0dbe0cd62fdef20317347c01ab9e270db2c9790bebe5b0fc613af
  languageName: node
  linkType: hard

"delayed-stream@npm:~1.0.0":
  version: 1.0.0
  resolution: "delayed-stream@npm:1.0.0"
  checksum: d9dfb0a7c79fd308fada9db2cf29d1ff22047ceb50dd78f7e3c173567909b438f418259cb76a6d9c9f513e88ef41d3a14154f618741ec8368c3efeff616d0c9f
  languageName: node
  linkType: hard

"elliptic@npm:^6.5.4":
  version: 6.5.4
  resolution: "elliptic@npm:6.5.4"
  dependencies:
    bn.js: ^4.11.9
    brorand: ^1.1.0
    hash.js: ^1.0.0
    hmac-drbg: ^1.0.1
    inherits: ^2.0.4
    minimalistic-assert: ^1.0.1
    minimalistic-crypto-utils: ^1.0.1
  checksum: e0fb360fb6800666e0f69c837ae1f19656583322f81e106e458242055b8e241e80a48c92da8f1324684d1ff348751ff38abeadcfc1f28c54157c29d229d039a1
  languageName: node
  linkType: hard

"form-data@npm:^3.0.0":
  version: 3.0.1
  resolution: "form-data@npm:3.0.1"
  dependencies:
    asynckit: ^0.4.0
    combined-stream: ^1.0.8
    mime-types: ^2.1.12
  checksum: 6574ff4d2d845c47ba288151a6e0573767eefdee9da358be199e0f0b66aa5c454e7d62ed5e0daef6f84167ba1e9596e064f36f206488e460ef449ef7b653cdfc
  languageName: node
  linkType: hard

"hash-base@npm:^3.0.0":
  version: 3.1.0
  resolution: "hash-base@npm:3.1.0"
  dependencies:
    inherits: ^2.0.4
    readable-stream: ^3.6.0
    safe-buffer: ^5.2.0
  checksum: 9f4b0d183daf13f79ef60f117efc7004bb3570de48fe2d3c7d03c546313490decb2dff2b08d71b8a0049a7de4b79eda16096c2a96f33a7f4916e7616bce4dc11
  languageName: node
  linkType: hard

"hash.js@npm:^1.0.0, hash.js@npm:^1.0.3, hash.js@npm:^1.1.7":
  version: 1.1.7
  resolution: "hash.js@npm:1.1.7"
  dependencies:
    inherits: ^2.0.3
    minimalistic-assert: ^1.0.1
  checksum: fceb7fb87e224f4b399212f902d3a34c3ed8512560868b56dde92f617fac9c66b501e583bab2996ed7493be5ab3385e05a69d2209fa6a9144391b22e1c2d245b
  languageName: node
  linkType: hard

"hmac-drbg@npm:^1.0.1":
  version: 1.0.1
  resolution: "hmac-drbg@npm:1.0.1"
  dependencies:
    hash.js: ^1.0.3
    minimalistic-assert: ^1.0.0
    minimalistic-crypto-utils: ^1.0.1
  checksum: 729d5a55bf793619830aca5e62d101dfdb4164fe30c056cdcaecb32b1a69a23aa663d88e876d9d56cb69b1c3d95395ea60b0a715763c461188b37dca3dea930d
  languageName: node
  linkType: hard

"inherits@npm:^2.0.1, inherits@npm:^2.0.3, inherits@npm:^2.0.4":
  version: 2.0.4
  resolution: "inherits@npm:2.0.4"
  checksum: 98426da247ddfc3dcd7d7daedd90c3ca32d5b08deca08949726f12d49232aef94772a07b36cf4ff833e105ae2ef931777f6de4a6dd8245a216b9299ad4a50bea
  languageName: node
  linkType: hard

"ip-regex@npm:^4.3.0":
  version: 4.3.0
  resolution: "ip-regex@npm:4.3.0"
  checksum: 4f44f34dcfe5cfae3b79bac4b25bec81ea007c24a66a30a3a17d01eebde4fa98bb531f207590ee16e1e4721b4f8ad12f6a64ed9f49bcb4587ff13ebb7cc984a5
  languageName: node
  linkType: hard

"js-sha3@npm:^0.8.0":
  version: 0.8.0
  resolution: "js-sha3@npm:0.8.0"
  checksum: 21d7129a634d7e9072a00fa0c037a3f7192d9a2d85377ecbbc7a614fbf523d31cc7489c74adfa84d606d58eb5bffb9dbfbe53bb618ec371942e63070559f3719
  languageName: node
  linkType: hard

"md5.js@npm:^1.3.4":
  version: 1.3.5
  resolution: "md5.js@npm:1.3.5"
  dependencies:
    hash-base: ^3.0.0
    inherits: ^2.0.1
    safe-buffer: ^5.1.2
  checksum: ca0b260ea29746f1017ad16bc0e164299ae453d2d6a24d635cc6ec03e280f350b09faa4899bfed9387c81457ca55981e9a684336d89faa94b1d2a01903fae2ec
  languageName: node
  linkType: hard

"mime-db@npm:1.48.0":
  version: 1.48.0
  resolution: "mime-db@npm:1.48.0"
  checksum: 346d5df2ff2f501bdeff07e88a28d205f9cd27bccd3b8604847d3aee6ce73d4ecf88e943bbbce46c167d404487f46cdf09d57354c51b6f08a4d5833bcaafa59f
  languageName: node
  linkType: hard

"mime-types@npm:^2.1.12":
  version: 2.1.31
  resolution: "mime-types@npm:2.1.31"
  dependencies:
    mime-db: 1.48.0
  checksum: 0373e58e3826802e462cf0c180ca5556fd0990acaf123d421d5f8643f0ca61d2126ea57eb6f4ba96f9ef07d3e627c06261825418a6549b0671261cc1bb4219b4
  languageName: node
  linkType: hard

"minimalistic-assert@npm:^1.0.0, minimalistic-assert@npm:^1.0.1":
  version: 1.0.1
  resolution: "minimalistic-assert@npm:1.0.1"
  checksum: 28f1de3cf9edfb82613428a58eb3dd38ec6d33ab761b98abf2d130c81104ea86be540c7e5eb8284f13e0a065ead8b17501de09419b9a98987ed27268ad538dba
  languageName: node
  linkType: hard

"minimalistic-crypto-utils@npm:^1.0.1":
  version: 1.0.1
  resolution: "minimalistic-crypto-utils@npm:1.0.1"
  checksum: 736067bddd0e5036a1a4943abe7b63eb1dd0115ad87588420310d26a3d56fc4cd4694b7077fa102956c88d3922dbf7cbc5b7ffe749f27441d13c3e1b1133ab40
  languageName: node
  linkType: hard

"moonbeam-types-bundle@workspace:.":
  version: 0.0.0-use.local
  resolution: "moonbeam-types-bundle@workspace:."
  dependencies:
    "@polkadot/keyring": ^6.8.1
    "@polkadot/types": ^4.14.1
    typescript: ^4.1.3
  languageName: unknown
  linkType: soft

"node-fetch@npm:^2.6.1":
  version: 2.6.1
  resolution: "node-fetch@npm:2.6.1"
  checksum: cbb171635e538162b977eac5dfe7a1e07a9a02e991924377a6435502291e2f823d306b95aabc455caebf4a118ccf836868462bc70ccc3095af02bb9da61fda37
  languageName: node
  linkType: hard

"readable-stream@npm:^3.6.0":
  version: 3.6.0
  resolution: "readable-stream@npm:3.6.0"
  dependencies:
    inherits: ^2.0.3
    string_decoder: ^1.1.1
    util-deprecate: ^1.0.1
  checksum: f178b1daa80d9e58ebba71dbb08486430aa6f0dea3a22a1b7401f3f6983077d0bc0edea43099db06b8d006c9ad48d6383e8fb72c05d5b187670aeaf1b9b44f00
  languageName: node
  linkType: hard

"regenerator-runtime@npm:^0.13.4":
  version: 0.13.8
  resolution: "regenerator-runtime@npm:0.13.8"
  checksum: 20178f5753f181d59691e5c3b4c59a2769987f75c7ccf325777673b5478acca61a553b10e895585086c222f72f5ee428090acf50320264de4b79f630f7388653
  languageName: node
  linkType: hard

"ripemd160@npm:^2.0.1":
  version: 2.0.2
  resolution: "ripemd160@npm:2.0.2"
  dependencies:
    hash-base: ^3.0.0
    inherits: ^2.0.1
  checksum: e0370fbe779b1f15d74c3e7dffc0ce40b57b845fc7e431fab8a571958d5fd9c91eb0038a252604600e20786d117badea0cc4cf8816b8a6be6b9166b565ad6797
  languageName: node
  linkType: hard

"rxjs@npm:^6.6.7":
  version: 6.6.7
  resolution: "rxjs@npm:6.6.7"
  dependencies:
    tslib: ^1.9.0
  checksum: 1146975cbd5388ee5e61450235dc5670931e43cce71813f567977d334acc4d75c6e8d9d293df67e1fb31510b99fc8957943d4a9b550d109e4dc69967a8471543
  languageName: node
  linkType: hard

"safe-buffer@npm:^5.0.1, safe-buffer@npm:^5.1.2, safe-buffer@npm:^5.2.0, safe-buffer@npm:~5.2.0":
  version: 5.2.1
  resolution: "safe-buffer@npm:5.2.1"
  checksum: 0bb57f0d8f9d1fa4fe35ad8a2db1f83a027d48f2822d59ede88fd5cd4ddad83c0b497213feb7a70fbf90597a70c5217f735b0eb1850df40ce9b4ae81dd22b3f9
  languageName: node
  linkType: hard

"scryptsy@npm:^2.1.0":
  version: 2.1.0
  resolution: "scryptsy@npm:2.1.0"
  checksum: 9fd847955caa9d13a6d58a0360ba8fb31f8e7e7da9250b4c09c67db784a0f6dda757bc837313b0860c0e35f84a56ba068394c682dd4fba81c5899d82832aa7d6
  languageName: node
  linkType: hard

"sha.js@npm:^2.4.0":
  version: 2.4.11
  resolution: "sha.js@npm:2.4.11"
  dependencies:
    inherits: ^2.0.1
    safe-buffer: ^5.0.1
  bin:
    sha.js: ./bin.js
  checksum: 7554240ab76e683f7115123eb4815aae16b5fc6f2cdff97009831ad5b17b107ffcef022526211f7306957bce7a67fa4d0ccad79a3040c5073414365595e90516
  languageName: node
  linkType: hard

"string_decoder@npm:^1.1.1":
  version: 1.3.0
  resolution: "string_decoder@npm:1.3.0"
  dependencies:
    safe-buffer: ~5.2.0
  checksum: 0a09afb610cb538707fcf0a50a080f159040529eabdba82f23b04f1d1f90adf9ba18cc3800231c6ab2ee55dece047f4bed87c56da52b2afd85c3c7fb73eb7e48
  languageName: node
  linkType: hard

"tslib@npm:^1.9.0":
  version: 1.14.1
  resolution: "tslib@npm:1.14.1"
  checksum: f44fe7f216946b17d3e3074df3746372703cf24e9127b4c045511456e8e4bf25515fb0a1bb3937676cc305651c5d4fcb6377b0588a4c6a957e748c4c28905d17
  languageName: node
  linkType: hard

"tweetnacl@npm:^1.0.3":
  version: 1.0.3
  resolution: "tweetnacl@npm:1.0.3"
  checksum: 1188f3ef85db04d6dba632d211e481ae0a5805974491633ff60bd56ae3362312dfea1515e0d200685867b69ff212e8778e26923f8203e3c335064b07f620a6c7
  languageName: node
  linkType: hard

typescript@^4.1.3:
  version: 4.3.4
  resolution: "typescript@npm:4.3.4"
  bin:
    tsc: bin/tsc
    tsserver: bin/tsserver
  checksum: 9791c5fe98db6cb70ec0efad8d3d2eb957b9643ee600b90bff49267de69768d0d5f59c41a8fd731cfd63df1ccfb2cb25505a2015d7b39ac10ea51f605a058e16
  languageName: node
  linkType: hard

"typescript@patch:typescript@^4.1.3#builtin<compat/typescript>":
  version: 4.3.4
  resolution: "typescript@patch:typescript@npm%3A4.3.4#builtin<compat/typescript>::version=4.3.4&hash=ddfc1b"
  bin:
    tsc: bin/tsc
    tsserver: bin/tsserver
  checksum: c8766e84a4f71e925cc059af8286cc7f41819fe821d433b90c83e9b36729cbda7a8e4be3292d8a1433cd717d529c93217d58d173418f43862290b206bd88b284
  languageName: node
  linkType: hard

"util-deprecate@npm:^1.0.1":
  version: 1.0.2
  resolution: "util-deprecate@npm:1.0.2"
  checksum: 73c2b1cf0210ccac300645384d8443cabbd93194117b2dc1b3bae8d8279ad39aedac857e020c4ea505e96a1045059c7359db3df6a9df0be6b8584166c9d61dc9
  languageName: node
  linkType: hard

"xxhashjs@npm:^0.2.2":
  version: 0.2.2
  resolution: "xxhashjs@npm:0.2.2"
  dependencies:
    cuint: ^0.2.2
  checksum: 1e99880a00c16bfe10f22bee8a1760300dca658027102feabafd458ac33d4fe07ff66ed39d2bbfe1a42f1dceac2287b0d32eca0e07a32b1e33260db5f8456f40
  languageName: node
  linkType: hard
